<?xml version="1.0" encoding="utf-8"?>
<Project ToolsVersion="4.0" xmlns="http://schemas.microsoft.com/developer/msbuild/2003">
  <ItemGroup>
    <Filter Include="소스 파일">
      <UniqueIdentifier>{4FC737F1-C7A5-4376-A066-2A32D752A2FF}</UniqueIdentifier>
      <Extensions>cpp;c;cc;cxx;c++;cppm;ixx;def;odl;idl;hpj;bat;asm;asmx</Extensions>
    </Filter>
    <Filter Include="헤더 파일">
      <UniqueIdentifier>{93995380-89BD-4b04-88EB-625FBE52EBFB}</UniqueIdentifier>
      <Extensions>h;hh;hpp;hxx;h++;hm;inl;inc;ipp;xsd</Extensions>
    </Filter>
    <Filter Include="리소스 파일">
      <UniqueIdentifier>{67DA6AB6-F800-4c08-8B7A-83BB121AAD01}</UniqueIdentifier>
      <Extensions>rc;ico;cur;bmp;dlg;rc2;rct;bin;rgs;gif;jpg;jpeg;jpe;resx;tiff;tif;png;wav;mfcribbon-ms</Extensions>
    </Filter>
    <Filter Include="Application">
      <UniqueIdentifier>{66b9701c-ad5d-4cb6-9d6d-d0fa29ad051b}</UniqueIdentifier>
    </Filter>
    <Filter Include="Utilites">
      <UniqueIdentifier>{996e81c7-8208-4dc9-9226-85e8ee4bafe6}</UniqueIdentifier>
    </Filter>
    <Filter Include="Other">
      <UniqueIdentifier>{ca6cf9ee-094f-4892-8a43-9de64b9b9315}</UniqueIdentifier>
    </Filter>
    <Filter Include="Scene">
      <UniqueIdentifier>{e4a1fdb3-634c-44fa-abf5-0ba47b56eec7}</UniqueIdentifier>
    </Filter>
    <Filter Include="Scene\Layer">
      <UniqueIdentifier>{d756f1b1-5e33-4f61-a4e0-19ecd764b843}</UniqueIdentifier>
    </Filter>
    <Filter Include="Types">
      <UniqueIdentifier>{42ba16ef-635e-4d21-8c35-0de2a91093bd}</UniqueIdentifier>
    </Filter>
    <Filter Include="Object">
      <UniqueIdentifier>{5cacff0f-1ca1-4a67-94eb-a05e2ceb3f49}</UniqueIdentifier>
    </Filter>
    <Filter Include="Object\01. MoveObj">
      <UniqueIdentifier>{013026b5-8b56-4631-88a4-2f794bb4e1ba}</UniqueIdentifier>
    </Filter>
    <Filter Include="Object\02. StaticObj">
      <UniqueIdentifier>{1e4bdc5a-a931-478e-aaf6-a41498e42789}</UniqueIdentifier>
    </Filter>
    <Filter Include="Object\03. Bullet">
      <UniqueIdentifier>{59278991-4b16-4422-9d78-aefb846e36a6}</UniqueIdentifier>
    </Filter>
    <Filter Include="Manager">
      <UniqueIdentifier>{c1b6f18a-7fed-4981-9f28-327578e8c838}</UniqueIdentifier>
    </Filter>
  </ItemGroup>
  <ItemGroup>
    <ClInclude Include="framework.h">
      <Filter>헤더 파일</Filter>
    </ClInclude>
    <ClInclude Include="targetver.h">
      <Filter>헤더 파일</Filter>
    </ClInclude>
    <ClInclude Include="Resource.h">
      <Filter>헤더 파일</Filter>
    </ClInclude>
    <ClInclude Include="Application\Window.h">
      <Filter>Application</Filter>
    </ClInclude>
    <ClInclude Include="Application\App.h">
      <Filter>Application</Filter>
    </ClInclude>
    <ClInclude Include="Utilites\FrameTimer.h">
      <Filter>Utilites</Filter>
    </ClInclude>
    <ClInclude Include="Other\UserException.h">
      <Filter>Other</Filter>
    </ClInclude>
    <ClInclude Include="Other\WindowsMessageMap.h">
      <Filter>Other</Filter>
    </ClInclude>
    <ClInclude Include="Utilites\Keyboard.h">
      <Filter>Utilites</Filter>
    </ClInclude>
    <ClInclude Include="Utilites\Mouse.h">
      <Filter>Utilites</Filter>
    </ClInclude>
    <ClInclude Include="Types\Vec2.h">
      <Filter>Types</Filter>
    </ClInclude>
    <ClInclude Include="Types\Rect.h">
      <Filter>Types</Filter>
    </ClInclude>
    <ClInclude Include="Macro.h">
      <Filter>헤더 파일</Filter>
    </ClInclude>
    <ClInclude Include="Scene\SceneManager.h">
      <Filter>Scene</Filter>
    </ClInclude>
    <ClInclude Include="Scene\Layer.h">
      <Filter>Scene\Layer</Filter>
    </ClInclude>
    <ClInclude Include="Scene\InGameScene.h">
      <Filter>Scene</Filter>
    </ClInclude>
    <ClInclude Include="Scene\Scene.h">
      <Filter>Scene</Filter>
    </ClInclude>
    <ClInclude Include="Object\Object.h">
      <Filter>Object</Filter>
    </ClInclude>
    <ClInclude Include="Types\Types.h">
      <Filter>Types</Filter>
    </ClInclude>
    <ClInclude Include="Object\MovableObject.h">
      <Filter>Object\01. MoveObj</Filter>
    </ClInclude>
    <ClInclude Include="Object\StaticObject.h">
      <Filter>Object\02. StaticObj</Filter>
    </ClInclude>
    <ClInclude Include="Object\Minion.h">
      <Filter>Object\01. MoveObj</Filter>
    </ClInclude>
    <ClInclude Include="Object\Player.h">
      <Filter>Object\01. MoveObj</Filter>
    </ClInclude>
    <ClInclude Include="Object\Ref.h">
      <Filter>Object</Filter>
    </ClInclude>
    <ClInclude Include="Object\Bullet.h">
      <Filter>Object\03. Bullet</Filter>
    </ClInclude>
    <ClInclude Include="Manager\PathManager.h">
      <Filter>Manager</Filter>
    </ClInclude>
  </ItemGroup>
  <ItemGroup>
    <ClCompile Include="WinMain.cpp">
      <Filter>소스 파일</Filter>
    </ClCompile>
    <ClCompile Include="Application\Window.cpp">
      <Filter>Application</Filter>
    </ClCompile>
    <ClCompile Include="Application\App.cpp">
      <Filter>Application</Filter>
    </ClCompile>
    <ClCompile Include="Utilites\FrameTimer.cpp">
      <Filter>Utilites</Filter>
    </ClCompile>
    <ClCompile Include="Other\WindowsMessageMap.cpp">
      <Filter>Other</Filter>
    </ClCompile>
    <ClCompile Include="Other\UserException.cpp">
      <Filter>Other</Filter>
    </ClCompile>
    <ClCompile Include="Utilites\Keyboard.cpp">
      <Filter>Utilites</Filter>
    </ClCompile>
    <ClCompile Include="Utilites\Mouse.cpp">
      <Filter>Utilites</Filter>
    </ClCompile>
    <ClCompile Include="Scene\SceneManager.cpp">
      <Filter>Scene</Filter>
    </ClCompile>
    <ClCompile Include="Scene\Layer.cpp">
      <Filter>Scene\Layer</Filter>
    </ClCompile>
    <ClCompile Include="Scene\InGameScene.cpp">
      <Filter>Scene</Filter>
    </ClCompile>
    <ClCompile Include="Scene\Scene.cpp">
      <Filter>Scene</Filter>
    </ClCompile>
    <ClCompile Include="Object\Object.cpp">
      <Filter>Object</Filter>
    </ClCompile>
    <ClCompile Include="Object\MovableObject.cpp">
      <Filter>Object\01. MoveObj</Filter>
    </ClCompile>
    <ClCompile Include="Object\StaticObject.cpp">
      <Filter>Object\02. StaticObj</Filter>
    </ClCompile>
    <ClCompile Include="Object\Player.cpp">
      <Filter>Object\01. MoveObj</Filter>
    </ClCompile>
    <ClCompile Include="Object\Minion.cpp">
      <Filter>Object\01. MoveObj</Filter>
    </ClCompile>
    <ClCompile Include="Object\Ref.cpp">
      <Filter>Object</Filter>
    </ClCompile>
    <ClCompile Include="Object\Bullet.cpp">
      <Filter>Object\03. Bullet</Filter>
    </ClCompile>
    <ClCompile Include="Manager\PathManager.cpp">
      <Filter>Manager</Filter>
    </ClCompile>
  </ItemGroup>
  <ItemGroup>
    <ResourceCompile Include="Engine.rc">
      <Filter>리소스 파일</Filter>
    </ResourceCompile>
  </ItemGroup>
  <ItemGroup>
    <Image Include="small.ico">
      <Filter>리소스 파일</Filter>
    </Image>
    <Image Include="Engine.ico">
      <Filter>리소스 파일</Filter>
    </Image>
  </ItemGroup>
  <ItemGroup>
    <None Include="cpp.hint" />
  </ItemGroup>
</Project>