<?xml version="1.0" encoding="utf-8"?>
<Project ToolsVersion="4.0" xmlns="http://schemas.microsoft.com/developer/msbuild/2003">
  <ItemGroup>
    <Filter Include="소스 파일">
      <UniqueIdentifier>{4FC737F1-C7A5-4376-A066-2A32D752A2FF}</UniqueIdentifier>
      <Extensions>cpp;c;cc;cxx;c++;cppm;ixx;def;odl;idl;hpj;bat;asm;asmx</Extensions>
    </Filter>
    <Filter Include="헤더 파일">
      <UniqueIdentifier>{93995380-89BD-4b04-88EB-625FBE52EBFB}</UniqueIdentifier>
      <Extensions>h;hh;hpp;hxx;h++;hm;inl;inc;ipp;xsd</Extensions>
    </Filter>
    <Filter Include="리소스 파일">
      <UniqueIdentifier>{67DA6AB6-F800-4c08-8B7A-83BB121AAD01}</UniqueIdentifier>
      <Extensions>rc;ico;cur;bmp;dlg;rc2;rct;bin;rgs;gif;jpg;jpeg;jpe;resx;tiff;tif;png;wav;mfcribbon-ms</Extensions>
    </Filter>
    <Filter Include="Application">
      <UniqueIdentifier>{66b9701c-ad5d-4cb6-9d6d-d0fa29ad051b}</UniqueIdentifier>
    </Filter>
    <Filter Include="Other">
      <UniqueIdentifier>{ca6cf9ee-094f-4892-8a43-9de64b9b9315}</UniqueIdentifier>
    </Filter>
    <Filter Include="Scene">
      <UniqueIdentifier>{e4a1fdb3-634c-44fa-abf5-0ba47b56eec7}</UniqueIdentifier>
    </Filter>
    <Filter Include="Scene\Layer">
      <UniqueIdentifier>{d756f1b1-5e33-4f61-a4e0-19ecd764b843}</UniqueIdentifier>
    </Filter>
    <Filter Include="Types">
      <UniqueIdentifier>{42ba16ef-635e-4d21-8c35-0de2a91093bd}</UniqueIdentifier>
    </Filter>
    <Filter Include="Object">
      <UniqueIdentifier>{5cacff0f-1ca1-4a67-94eb-a05e2ceb3f49}</UniqueIdentifier>
    </Filter>
    <Filter Include="Object\01. MoveObj">
      <UniqueIdentifier>{013026b5-8b56-4631-88a4-2f794bb4e1ba}</UniqueIdentifier>
    </Filter>
    <Filter Include="Object\02. StaticObj">
      <UniqueIdentifier>{1e4bdc5a-a931-478e-aaf6-a41498e42789}</UniqueIdentifier>
    </Filter>
    <Filter Include="Object\03. Bullet">
      <UniqueIdentifier>{59278991-4b16-4422-9d78-aefb846e36a6}</UniqueIdentifier>
    </Filter>
    <Filter Include="Core">
      <UniqueIdentifier>{5cd27b56-32dd-4c51-bf95-6010308a62e7}</UniqueIdentifier>
    </Filter>
    <Filter Include="Resources">
      <UniqueIdentifier>{00fb8c50-8de3-47a1-a4da-10d76cee27a9}</UniqueIdentifier>
    </Filter>
    <Filter Include="Object\02. StaticObj\01. Stage">
      <UniqueIdentifier>{816b7ac5-6f28-4def-abf9-c64f10810444}</UniqueIdentifier>
    </Filter>
    <Filter Include="Textures">
      <UniqueIdentifier>{b3cb4ae2-1145-45e3-8a2b-c7a4c2168dc5}</UniqueIdentifier>
    </Filter>
    <Filter Include="Core\01. FrameTimer">
      <UniqueIdentifier>{ae5db66a-679a-47d4-9619-e623c51773b6}</UniqueIdentifier>
    </Filter>
    <Filter Include="Core\02. Path">
      <UniqueIdentifier>{35ba386b-d61e-4fa7-91bb-3fe804b915c3}</UniqueIdentifier>
    </Filter>
    <Filter Include="Core\03. Camera">
      <UniqueIdentifier>{bc6471ab-7dc8-4c62-902f-7969080c43f9}</UniqueIdentifier>
    </Filter>
    <Filter Include="Core\04. Input">
      <UniqueIdentifier>{74e5fb1c-c67e-41d5-913e-b10b28542967}</UniqueIdentifier>
    </Filter>
    <Filter Include="Collider">
      <UniqueIdentifier>{4d929710-3db0-41fd-9b5c-7107e84f9083}</UniqueIdentifier>
    </Filter>
    <Filter Include="Core\05. Math">
      <UniqueIdentifier>{1e845c4d-dc37-4fb9-baff-df7ad257280c}</UniqueIdentifier>
    </Filter>
  </ItemGroup>
  <ItemGroup>
    <ClInclude Include="framework.h">
      <Filter>헤더 파일</Filter>
    </ClInclude>
    <ClInclude Include="targetver.h">
      <Filter>헤더 파일</Filter>
    </ClInclude>
    <ClInclude Include="Resource.h">
      <Filter>헤더 파일</Filter>
    </ClInclude>
    <ClInclude Include="Application\Window.h">
      <Filter>Application</Filter>
    </ClInclude>
    <ClInclude Include="Application\App.h">
      <Filter>Application</Filter>
    </ClInclude>
    <ClInclude Include="Other\UserException.h">
      <Filter>Other</Filter>
    </ClInclude>
    <ClInclude Include="Other\WindowsMessageMap.h">
      <Filter>Other</Filter>
    </ClInclude>
    <ClInclude Include="Types\Vec2.h">
      <Filter>Types</Filter>
    </ClInclude>
    <ClInclude Include="Types\Rect.h">
      <Filter>Types</Filter>
    </ClInclude>
    <ClInclude Include="Macro.h">
      <Filter>헤더 파일</Filter>
    </ClInclude>
    <ClInclude Include="Scene\SceneManager.h">
      <Filter>Scene</Filter>
    </ClInclude>
    <ClInclude Include="Scene\Layer.h">
      <Filter>Scene\Layer</Filter>
    </ClInclude>
    <ClInclude Include="Scene\InGameScene.h">
      <Filter>Scene</Filter>
    </ClInclude>
    <ClInclude Include="Scene\Scene.h">
      <Filter>Scene</Filter>
    </ClInclude>
    <ClInclude Include="Object\Object.h">
      <Filter>Object</Filter>
    </ClInclude>
    <ClInclude Include="Types\Types.h">
      <Filter>Types</Filter>
    </ClInclude>
    <ClInclude Include="Object\MovableObject.h">
      <Filter>Object\01. MoveObj</Filter>
    </ClInclude>
    <ClInclude Include="Object\StaticObject.h">
      <Filter>Object\02. StaticObj</Filter>
    </ClInclude>
    <ClInclude Include="Object\Minion.h">
      <Filter>Object\01. MoveObj</Filter>
    </ClInclude>
    <ClInclude Include="Object\Player.h">
      <Filter>Object\01. MoveObj</Filter>
    </ClInclude>
    <ClInclude Include="Object\Ref.h">
      <Filter>Object</Filter>
    </ClInclude>
    <ClInclude Include="Object\Bullet.h">
      <Filter>Object\03. Bullet</Filter>
    </ClInclude>
    <ClInclude Include="Core\Keyboard.h">
      <Filter>Core</Filter>
    </ClInclude>
    <ClInclude Include="Core\Mouse.h">
      <Filter>Core</Filter>
    </ClInclude>
    <ClInclude Include="Resources\ResourceManager.h">
      <Filter>Resources</Filter>
    </ClInclude>
    <ClInclude Include="Resources\Texture.h">
      <Filter>Resources</Filter>
    </ClInclude>
    <ClInclude Include="Object\Stage.h">
      <Filter>Object\02. StaticObj\01. Stage</Filter>
    </ClInclude>
    <ClInclude Include="Core\FrameTimer.h">
      <Filter>Core\01. FrameTimer</Filter>
    </ClInclude>
    <ClInclude Include="Core\PathManager.h">
      <Filter>Core\02. Path</Filter>
    </ClInclude>
    <ClInclude Include="Core\Camera.h">
      <Filter>Core\03. Camera</Filter>
    </ClInclude>
    <ClInclude Include="Core\Input.h">
      <Filter>Core\04. Input</Filter>
    </ClInclude>
    <ClInclude Include="Collider\Collider.h">
      <Filter>Collider</Filter>
    </ClInclude>
    <ClInclude Include="Collider\ColliderRect.h">
      <Filter>Collider</Filter>
    </ClInclude>
    <ClInclude Include="Collider\CollisionManager.h">
      <Filter>Collider</Filter>
    </ClInclude>
    <ClInclude Include="Collider\ColliderSphere.h">
      <Filter>Collider</Filter>
    </ClInclude>
    <ClInclude Include="Types\Circle.h">
      <Filter>Types</Filter>
    </ClInclude>
    <ClInclude Include="Math.h">
      <Filter>Core\05. Math</Filter>
    </ClInclude>
    <ClInclude Include="Collider\ColliderPixel.h">
      <Filter>헤더 파일</Filter>
    </ClInclude>
  </ItemGroup>
  <ItemGroup>
    <ClCompile Include="WinMain.cpp">
      <Filter>소스 파일</Filter>
    </ClCompile>
    <ClCompile Include="Application\Window.cpp">
      <Filter>Application</Filter>
    </ClCompile>
    <ClCompile Include="Application\App.cpp">
      <Filter>Application</Filter>
    </ClCompile>
    <ClCompile Include="Other\WindowsMessageMap.cpp">
      <Filter>Other</Filter>
    </ClCompile>
    <ClCompile Include="Other\UserException.cpp">
      <Filter>Other</Filter>
    </ClCompile>
    <ClCompile Include="Scene\SceneManager.cpp">
      <Filter>Scene</Filter>
    </ClCompile>
    <ClCompile Include="Scene\Layer.cpp">
      <Filter>Scene\Layer</Filter>
    </ClCompile>
    <ClCompile Include="Scene\InGameScene.cpp">
      <Filter>Scene</Filter>
    </ClCompile>
    <ClCompile Include="Scene\Scene.cpp">
      <Filter>Scene</Filter>
    </ClCompile>
    <ClCompile Include="Object\Object.cpp">
      <Filter>Object</Filter>
    </ClCompile>
    <ClCompile Include="Object\MovableObject.cpp">
      <Filter>Object\01. MoveObj</Filter>
    </ClCompile>
    <ClCompile Include="Object\StaticObject.cpp">
      <Filter>Object\02. StaticObj</Filter>
    </ClCompile>
    <ClCompile Include="Object\Player.cpp">
      <Filter>Object\01. MoveObj</Filter>
    </ClCompile>
    <ClCompile Include="Object\Minion.cpp">
      <Filter>Object\01. MoveObj</Filter>
    </ClCompile>
    <ClCompile Include="Object\Ref.cpp">
      <Filter>Object</Filter>
    </ClCompile>
    <ClCompile Include="Object\Bullet.cpp">
      <Filter>Object\03. Bullet</Filter>
    </ClCompile>
    <ClCompile Include="Core\Keyboard.cpp">
      <Filter>Core</Filter>
    </ClCompile>
    <ClCompile Include="Core\Mouse.cpp">
      <Filter>Core</Filter>
    </ClCompile>
    <ClCompile Include="Resources\ResourceManager.cpp">
      <Filter>Resources</Filter>
    </ClCompile>
    <ClCompile Include="Resources\Texture.cpp">
      <Filter>Resources</Filter>
    </ClCompile>
    <ClCompile Include="Object\Stage.cpp">
      <Filter>Object\02. StaticObj\01. Stage</Filter>
    </ClCompile>
    <ClCompile Include="Core\FrameTimer.cpp">
      <Filter>Core\01. FrameTimer</Filter>
    </ClCompile>
    <ClCompile Include="Core\PathManager.cpp">
      <Filter>Core\02. Path</Filter>
    </ClCompile>
    <ClCompile Include="Core\Camera.cpp">
      <Filter>Core\03. Camera</Filter>
    </ClCompile>
    <ClCompile Include="Core\Input.cpp">
      <Filter>Core\04. Input</Filter>
    </ClCompile>
    <ClCompile Include="Collider\Collider.cpp">
      <Filter>Collider</Filter>
    </ClCompile>
    <ClCompile Include="Collider\ColliderRect.cpp">
      <Filter>Collider</Filter>
    </ClCompile>
    <ClCompile Include="Collider\CollisionManager.cpp">
      <Filter>Collider</Filter>
    </ClCompile>
    <ClCompile Include="Collider\ColliderSphere.cpp">
      <Filter>Collider</Filter>
    </ClCompile>
    <ClCompile Include="Math.cpp">
      <Filter>Core\05. Math</Filter>
    </ClCompile>
    <ClCompile Include="Collider\ColliderPixel.cpp">
      <Filter>소스 파일</Filter>
    </ClCompile>
  </ItemGroup>
  <ItemGroup>
    <ResourceCompile Include="Engine.rc">
      <Filter>리소스 파일</Filter>
    </ResourceCompile>
  </ItemGroup>
  <ItemGroup>
    <Image Include="small.ico">
      <Filter>리소스 파일</Filter>
    </Image>
    <Image Include="Engine.ico">
      <Filter>리소스 파일</Filter>
    </Image>
    <Image Include="..\Bin\Texture\BackBuffer.bmp">
      <Filter>Textures</Filter>
    </Image>
    <Image Include="..\Bin\Texture\bullet.bmp">
      <Filter>Textures</Filter>
    </Image>
    <Image Include="..\Bin\Texture\hos.bmp">
      <Filter>Textures</Filter>
    </Image>
    <Image Include="..\Bin\Texture\Stage1.bmp">
      <Filter>Textures</Filter>
    </Image>
    <Image Include="..\Bin\Texture\Stage1.jpg">
      <Filter>Textures</Filter>
    </Image>
    <Image Include="..\Bin\Texture\Stage2.bmp">
      <Filter>Textures</Filter>
    </Image>
    <Image Include="..\Bin\Texture\Stage2.jpg">
      <Filter>Textures</Filter>
    </Image>
    <Image Include="..\Bin\Texture\minion.bmp">
      <Filter>Textures</Filter>
    </Image>
  </ItemGroup>
  <ItemGroup>
    <None Include="cpp.hint" />
  </ItemGroup>
</Project>