
Microsoft Visual Studio Solution File, Format Version 12.00
# Visual Studio 15
VisualStudioVersion = 15.0.28307.489
MinimumVisualStudioVersion = 10.0.40219.1
Project("{8BC9CEB8-8B4A-11D0-8D11-00A0C91BC942}") = "D3DInit", "D3DInit\D3DInit.vcxproj", "{08939F4A-BD80-4B0E-8097-25FC6AA37BA5}"
EndProject
Project("{8BC9CEB8-8B4A-11D0-8D11-00A0C91BC942}") = "Vertices", "Vertices\Vertices.vcxproj", "{9B63B7F2-2C21-4E15-82DC-6E62B3545C6A}"
EndProject
Project("{8BC9CEB8-8B4A-11D0-8D11-00A0C91BC942}") = "Matrices", "Matrices\Matrices.vcxproj", "{BCCA8959-9FC4-405C-9416-32196D328793}"
EndProject
Project("{8BC9CEB8-8B4A-11D0-8D11-00A0C91BC942}") = "IndexBuffer", "IndexBuffer\IndexBuffer.vcxproj", "{70642B99-2697-4023-975E-288B3877CA7B}"
EndProject
Project("{8BC9CEB8-8B4A-11D0-8D11-00A0C91BC942}") = "Lights", "Lights\Lights.vcxproj", "{A7F147EC-94B2-42B3-BE89-ABA4FD9F7FE9}"
EndProject
Project("{8BC9CEB8-8B4A-11D0-8D11-00A0C91BC942}") = "Hierarchy", "Hierarchy\Hierarchy.vcxproj", "{1438EC44-3D20-42E1-AA59-D26A0CC53475}"
EndProject
Project("{8BC9CEB8-8B4A-11D0-8D11-00A0C91BC942}") = "Animation", "Animation\Animation.vcxproj", "{420C7BD9-1B11-4DCA-BF09-90643D31C10A}"
EndProject
Project("{8BC9CEB8-8B4A-11D0-8D11-00A0C91BC942}") = "HeightMap", "HeightMap\HeightMap.vcxproj", "{75A126B4-AC4E-4EF9-B82C-376BD8F8BA0D}"
EndProject
Project("{8BC9CEB8-8B4A-11D0-8D11-00A0C91BC942}") = "Texture", "Texture\Texture.vcxproj", "{C11832BF-6FAB-48EF-BD7D-6ECA668549F0}"
EndProject
Project("{8BC9CEB8-8B4A-11D0-8D11-00A0C91BC942}") = "Camera", "Camera\Camera.vcxproj", "{40C31C7F-08F1-4312-8817-D90E9D15EEEB}"
EndProject
Project("{8BC9CEB8-8B4A-11D0-8D11-00A0C91BC942}") = "Frustum", "Frustum\Frustum.vcxproj", "{E260888E-63EF-462C-B97B-AFC4144D7365}"
EndProject
Project("{8BC9CEB8-8B4A-11D0-8D11-00A0C91BC942}") = "Quadtree", "Quadtree\Quadtree.vcxproj", "{426544A1-7B05-426A-9B9B-CDA4758CC454}"
EndProject
Project("{8BC9CEB8-8B4A-11D0-8D11-00A0C91BC942}") = "QuadtreeFrustum", "QuadtreeFrustum\QuadtreeFrustum.vcxproj", "{28EE8543-4F59-4CEA-ADDA-3B583A56D996}"
EndProject
Project("{8BC9CEB8-8B4A-11D0-8D11-00A0C91BC942}") = "LOD", "LOD\LOD.vcxproj", "{D82C044C-6717-4873-8B0F-5023507F3A75}"
EndProject
Project("{8BC9CEB8-8B4A-11D0-8D11-00A0C91BC942}") = "LOD+FixCrack", "LOD+FixCrack\LOD+FixCrack.vcxproj", "{4D7E7A4D-50AC-4A8A-BBAC-2BD678A26B1D}"
EndProject
Global
	GlobalSection(SolutionConfigurationPlatforms) = preSolution
		Debug|x64 = Debug|x64
		Debug|x86 = Debug|x86
		Release|x64 = Release|x64
		Release|x86 = Release|x86
	EndGlobalSection
	GlobalSection(ProjectConfigurationPlatforms) = postSolution
		{08939F4A-BD80-4B0E-8097-25FC6AA37BA5}.Debug|x64.ActiveCfg = Debug|x64
		{08939F4A-BD80-4B0E-8097-25FC6AA37BA5}.Debug|x64.Build.0 = Debug|x64
		{08939F4A-BD80-4B0E-8097-25FC6AA37BA5}.Debug|x86.ActiveCfg = Debug|Win32
		{08939F4A-BD80-4B0E-8097-25FC6AA37BA5}.Debug|x86.Build.0 = Debug|Win32
		{08939F4A-BD80-4B0E-8097-25FC6AA37BA5}.Release|x64.ActiveCfg = Release|x64
		{08939F4A-BD80-4B0E-8097-25FC6AA37BA5}.Release|x64.Build.0 = Release|x64
		{08939F4A-BD80-4B0E-8097-25FC6AA37BA5}.Release|x86.ActiveCfg = Release|Win32
		{08939F4A-BD80-4B0E-8097-25FC6AA37BA5}.Release|x86.Build.0 = Release|Win32
		{9B63B7F2-2C21-4E15-82DC-6E62B3545C6A}.Debug|x64.ActiveCfg = Debug|x64
		{9B63B7F2-2C21-4E15-82DC-6E62B3545C6A}.Debug|x64.Build.0 = Debug|x64
		{9B63B7F2-2C21-4E15-82DC-6E62B3545C6A}.Debug|x86.ActiveCfg = Debug|Win32
		{9B63B7F2-2C21-4E15-82DC-6E62B3545C6A}.Debug|x86.Build.0 = Debug|Win32
		{9B63B7F2-2C21-4E15-82DC-6E62B3545C6A}.Release|x64.ActiveCfg = Release|x64
		{9B63B7F2-2C21-4E15-82DC-6E62B3545C6A}.Release|x64.Build.0 = Release|x64
		{9B63B7F2-2C21-4E15-82DC-6E62B3545C6A}.Release|x86.ActiveCfg = Release|Win32
		{9B63B7F2-2C21-4E15-82DC-6E62B3545C6A}.Release|x86.Build.0 = Release|Win32
		{BCCA8959-9FC4-405C-9416-32196D328793}.Debug|x64.ActiveCfg = Debug|x64
		{BCCA8959-9FC4-405C-9416-32196D328793}.Debug|x64.Build.0 = Debug|x64
		{BCCA8959-9FC4-405C-9416-32196D328793}.Debug|x86.ActiveCfg = Debug|Win32
		{BCCA8959-9FC4-405C-9416-32196D328793}.Debug|x86.Build.0 = Debug|Win32
		{BCCA8959-9FC4-405C-9416-32196D328793}.Release|x64.ActiveCfg = Release|x64
		{BCCA8959-9FC4-405C-9416-32196D328793}.Release|x64.Build.0 = Release|x64
		{BCCA8959-9FC4-405C-9416-32196D328793}.Release|x86.ActiveCfg = Release|Win32
		{BCCA8959-9FC4-405C-9416-32196D328793}.Release|x86.Build.0 = Release|Win32
		{70642B99-2697-4023-975E-288B3877CA7B}.Debug|x64.ActiveCfg = Debug|x64
		{70642B99-2697-4023-975E-288B3877CA7B}.Debug|x64.Build.0 = Debug|x64
		{70642B99-2697-4023-975E-288B3877CA7B}.Debug|x86.ActiveCfg = Debug|Win32
		{70642B99-2697-4023-975E-288B3877CA7B}.Debug|x86.Build.0 = Debug|Win32
		{70642B99-2697-4023-975E-288B3877CA7B}.Release|x64.ActiveCfg = Release|x64
		{70642B99-2697-4023-975E-288B3877CA7B}.Release|x64.Build.0 = Release|x64
		{70642B99-2697-4023-975E-288B3877CA7B}.Release|x86.ActiveCfg = Release|Win32
		{70642B99-2697-4023-975E-288B3877CA7B}.Release|x86.Build.0 = Release|Win32
		{A7F147EC-94B2-42B3-BE89-ABA4FD9F7FE9}.Debug|x64.ActiveCfg = Debug|x64
		{A7F147EC-94B2-42B3-BE89-ABA4FD9F7FE9}.Debug|x64.Build.0 = Debug|x64
		{A7F147EC-94B2-42B3-BE89-ABA4FD9F7FE9}.Debug|x86.ActiveCfg = Debug|Win32
		{A7F147EC-94B2-42B3-BE89-ABA4FD9F7FE9}.Debug|x86.Build.0 = Debug|Win32
		{A7F147EC-94B2-42B3-BE89-ABA4FD9F7FE9}.Release|x64.ActiveCfg = Release|x64
		{A7F147EC-94B2-42B3-BE89-ABA4FD9F7FE9}.Release|x64.Build.0 = Release|x64
		{A7F147EC-94B2-42B3-BE89-ABA4FD9F7FE9}.Release|x86.ActiveCfg = Release|Win32
		{A7F147EC-94B2-42B3-BE89-ABA4FD9F7FE9}.Release|x86.Build.0 = Release|Win32
		{1438EC44-3D20-42E1-AA59-D26A0CC53475}.Debug|x64.ActiveCfg = Debug|x64
		{1438EC44-3D20-42E1-AA59-D26A0CC53475}.Debug|x64.Build.0 = Debug|x64
		{1438EC44-3D20-42E1-AA59-D26A0CC53475}.Debug|x86.ActiveCfg = Debug|Win32
		{1438EC44-3D20-42E1-AA59-D26A0CC53475}.Debug|x86.Build.0 = Debug|Win32
		{1438EC44-3D20-42E1-AA59-D26A0CC53475}.Release|x64.ActiveCfg = Release|x64
		{1438EC44-3D20-42E1-AA59-D26A0CC53475}.Release|x64.Build.0 = Release|x64
		{1438EC44-3D20-42E1-AA59-D26A0CC53475}.Release|x86.ActiveCfg = Release|Win32
		{1438EC44-3D20-42E1-AA59-D26A0CC53475}.Release|x86.Build.0 = Release|Win32
		{420C7BD9-1B11-4DCA-BF09-90643D31C10A}.Debug|x64.ActiveCfg = Debug|x64
		{420C7BD9-1B11-4DCA-BF09-90643D31C10A}.Debug|x64.Build.0 = Debug|x64
		{420C7BD9-1B11-4DCA-BF09-90643D31C10A}.Debug|x86.ActiveCfg = Debug|Win32
		{420C7BD9-1B11-4DCA-BF09-90643D31C10A}.Debug|x86.Build.0 = Debug|Win32
		{420C7BD9-1B11-4DCA-BF09-90643D31C10A}.Release|x64.ActiveCfg = Release|x64
		{420C7BD9-1B11-4DCA-BF09-90643D31C10A}.Release|x64.Build.0 = Release|x64
		{420C7BD9-1B11-4DCA-BF09-90643D31C10A}.Release|x86.ActiveCfg = Release|Win32
		{420C7BD9-1B11-4DCA-BF09-90643D31C10A}.Release|x86.Build.0 = Release|Win32
		{75A126B4-AC4E-4EF9-B82C-376BD8F8BA0D}.Debug|x64.ActiveCfg = Debug|x64
		{75A126B4-AC4E-4EF9-B82C-376BD8F8BA0D}.Debug|x64.Build.0 = Debug|x64
		{75A126B4-AC4E-4EF9-B82C-376BD8F8BA0D}.Debug|x86.ActiveCfg = Debug|Win32
		{75A126B4-AC4E-4EF9-B82C-376BD8F8BA0D}.Debug|x86.Build.0 = Debug|Win32
		{75A126B4-AC4E-4EF9-B82C-376BD8F8BA0D}.Release|x64.ActiveCfg = Release|x64
		{75A126B4-AC4E-4EF9-B82C-376BD8F8BA0D}.Release|x64.Build.0 = Release|x64
		{75A126B4-AC4E-4EF9-B82C-376BD8F8BA0D}.Release|x86.ActiveCfg = Release|Win32
		{75A126B4-AC4E-4EF9-B82C-376BD8F8BA0D}.Release|x86.Build.0 = Release|Win32
		{C11832BF-6FAB-48EF-BD7D-6ECA668549F0}.Debug|x64.ActiveCfg = Debug|x64
		{C11832BF-6FAB-48EF-BD7D-6ECA668549F0}.Debug|x64.Build.0 = Debug|x64
		{C11832BF-6FAB-48EF-BD7D-6ECA668549F0}.Debug|x86.ActiveCfg = Debug|Win32
		{C11832BF-6FAB-48EF-BD7D-6ECA668549F0}.Debug|x86.Build.0 = Debug|Win32
		{C11832BF-6FAB-48EF-BD7D-6ECA668549F0}.Release|x64.ActiveCfg = Release|x64
		{C11832BF-6FAB-48EF-BD7D-6ECA668549F0}.Release|x64.Build.0 = Release|x64
		{C11832BF-6FAB-48EF-BD7D-6ECA668549F0}.Release|x86.ActiveCfg = Release|Win32
		{C11832BF-6FAB-48EF-BD7D-6ECA668549F0}.Release|x86.Build.0 = Release|Win32
		{40C31C7F-08F1-4312-8817-D90E9D15EEEB}.Debug|x64.ActiveCfg = Debug|x64
		{40C31C7F-08F1-4312-8817-D90E9D15EEEB}.Debug|x64.Build.0 = Debug|x64
		{40C31C7F-08F1-4312-8817-D90E9D15EEEB}.Debug|x86.ActiveCfg = Debug|Win32
		{40C31C7F-08F1-4312-8817-D90E9D15EEEB}.Debug|x86.Build.0 = Debug|Win32
		{40C31C7F-08F1-4312-8817-D90E9D15EEEB}.Release|x64.ActiveCfg = Release|x64
		{40C31C7F-08F1-4312-8817-D90E9D15EEEB}.Release|x64.Build.0 = Release|x64
		{40C31C7F-08F1-4312-8817-D90E9D15EEEB}.Release|x86.ActiveCfg = Release|Win32
		{40C31C7F-08F1-4312-8817-D90E9D15EEEB}.Release|x86.Build.0 = Release|Win32
		{E260888E-63EF-462C-B97B-AFC4144D7365}.Debug|x64.ActiveCfg = Debug|x64
		{E260888E-63EF-462C-B97B-AFC4144D7365}.Debug|x64.Build.0 = Debug|x64
		{E260888E-63EF-462C-B97B-AFC4144D7365}.Debug|x86.ActiveCfg = Debug|Win32
		{E260888E-63EF-462C-B97B-AFC4144D7365}.Debug|x86.Build.0 = Debug|Win32
		{E260888E-63EF-462C-B97B-AFC4144D7365}.Release|x64.ActiveCfg = Release|x64
		{E260888E-63EF-462C-B97B-AFC4144D7365}.Release|x64.Build.0 = Release|x64
		{E260888E-63EF-462C-B97B-AFC4144D7365}.Release|x86.ActiveCfg = Release|Win32
		{E260888E-63EF-462C-B97B-AFC4144D7365}.Release|x86.Build.0 = Release|Win32
		{426544A1-7B05-426A-9B9B-CDA4758CC454}.Debug|x64.ActiveCfg = Debug|x64
		{426544A1-7B05-426A-9B9B-CDA4758CC454}.Debug|x64.Build.0 = Debug|x64
		{426544A1-7B05-426A-9B9B-CDA4758CC454}.Debug|x86.ActiveCfg = Debug|Win32
		{426544A1-7B05-426A-9B9B-CDA4758CC454}.Debug|x86.Build.0 = Debug|Win32
		{426544A1-7B05-426A-9B9B-CDA4758CC454}.Release|x64.ActiveCfg = Release|x64
		{426544A1-7B05-426A-9B9B-CDA4758CC454}.Release|x64.Build.0 = Release|x64
		{426544A1-7B05-426A-9B9B-CDA4758CC454}.Release|x86.ActiveCfg = Release|Win32
		{426544A1-7B05-426A-9B9B-CDA4758CC454}.Release|x86.Build.0 = Release|Win32
		{28EE8543-4F59-4CEA-ADDA-3B583A56D996}.Debug|x64.ActiveCfg = Debug|x64
		{28EE8543-4F59-4CEA-ADDA-3B583A56D996}.Debug|x64.Build.0 = Debug|x64
		{28EE8543-4F59-4CEA-ADDA-3B583A56D996}.Debug|x86.ActiveCfg = Debug|Win32
		{28EE8543-4F59-4CEA-ADDA-3B583A56D996}.Debug|x86.Build.0 = Debug|Win32
		{28EE8543-4F59-4CEA-ADDA-3B583A56D996}.Release|x64.ActiveCfg = Release|x64
		{28EE8543-4F59-4CEA-ADDA-3B583A56D996}.Release|x64.Build.0 = Release|x64
		{28EE8543-4F59-4CEA-ADDA-3B583A56D996}.Release|x86.ActiveCfg = Release|Win32
		{28EE8543-4F59-4CEA-ADDA-3B583A56D996}.Release|x86.Build.0 = Release|Win32
		{D82C044C-6717-4873-8B0F-5023507F3A75}.Debug|x64.ActiveCfg = Debug|x64
		{D82C044C-6717-4873-8B0F-5023507F3A75}.Debug|x64.Build.0 = Debug|x64
		{D82C044C-6717-4873-8B0F-5023507F3A75}.Debug|x86.ActiveCfg = Debug|Win32
		{D82C044C-6717-4873-8B0F-5023507F3A75}.Debug|x86.Build.0 = Debug|Win32
		{D82C044C-6717-4873-8B0F-5023507F3A75}.Release|x64.ActiveCfg = Release|x64
		{D82C044C-6717-4873-8B0F-5023507F3A75}.Release|x64.Build.0 = Release|x64
		{D82C044C-6717-4873-8B0F-5023507F3A75}.Release|x86.ActiveCfg = Release|Win32
		{D82C044C-6717-4873-8B0F-5023507F3A75}.Release|x86.Build.0 = Release|Win32
		{4D7E7A4D-50AC-4A8A-BBAC-2BD678A26B1D}.Debug|x64.ActiveCfg = Debug|x64
		{4D7E7A4D-50AC-4A8A-BBAC-2BD678A26B1D}.Debug|x64.Build.0 = Debug|x64
		{4D7E7A4D-50AC-4A8A-BBAC-2BD678A26B1D}.Debug|x86.ActiveCfg = Debug|Win32
		{4D7E7A4D-50AC-4A8A-BBAC-2BD678A26B1D}.Debug|x86.Build.0 = Debug|Win32
		{4D7E7A4D-50AC-4A8A-BBAC-2BD678A26B1D}.Release|x64.ActiveCfg = Release|x64
		{4D7E7A4D-50AC-4A8A-BBAC-2BD678A26B1D}.Release|x64.Build.0 = Release|x64
		{4D7E7A4D-50AC-4A8A-BBAC-2BD678A26B1D}.Release|x86.ActiveCfg = Release|Win32
		{4D7E7A4D-50AC-4A8A-BBAC-2BD678A26B1D}.Release|x86.Build.0 = Release|Win32
	EndGlobalSection
	GlobalSection(SolutionProperties) = preSolution
		HideSolutionNode = FALSE
	EndGlobalSection
	GlobalSection(ExtensibilityGlobals) = postSolution
		SolutionGuid = {F7E282DB-64D6-4681-9DD8-974E6BF20E47}
	EndGlobalSection
EndGlobal
